
Microsoft Visual Studio Solution File, Format Version 12.00
# Visual Studio Version 16
VisualStudioVersion = 16.0.31410.357
MinimumVisualStudioVersion = 10.0.40219.1
Project("{FAE04EC0-301F-11D3-BF4B-00C04F79EFBC}") = "MonetaryTranslator.Tests", "MonetaryTranslator.Tests\MonetaryTranslator.Tests.csproj", "{80CFA405-A572-4E38-B4FB-68B9BF1FF2EE}"
EndProject
Project("{FAE04EC0-301F-11D3-BF4B-00C04F79EFBC}") = "MonetaryTranslator.App", "MonetaryTranslator.App\MonetaryTranslator.App.csproj", "{BD45ED73-E94E-46DA-B1AD-1DFA64AB8DCC}"
EndProject
Global
	GlobalSection(SolutionConfigurationPlatforms) = preSolution
		Debug|Any CPU = Debug|Any CPU
		Release|Any CPU = Release|Any CPU
	EndGlobalSection
	GlobalSection(ProjectConfigurationPlatforms) = postSolution
		{80CFA405-A572-4E38-B4FB-68B9BF1FF2EE}.Debug|Any CPU.ActiveCfg = Debug|Any CPU
		{80CFA405-A572-4E38-B4FB-68B9BF1FF2EE}.Debug|Any CPU.Build.0 = Debug|Any CPU
		{80CFA405-A572-4E38-B4FB-68B9BF1FF2EE}.Release|Any CPU.ActiveCfg = Release|Any CPU
		{80CFA405-A572-4E38-B4FB-68B9BF1FF2EE}.Release|Any CPU.Build.0 = Release|Any CPU
		{BD45ED73-E94E-46DA-B1AD-1DFA64AB8DCC}.Debug|Any CPU.ActiveCfg = Debug|Any CPU
		{BD45ED73-E94E-46DA-B1AD-1DFA64AB8DCC}.Debug|Any CPU.Build.0 = Debug|Any CPU
		{BD45ED73-E94E-46DA-B1AD-1DFA64AB8DCC}.Release|Any CPU.ActiveCfg = Release|Any CPU
		{BD45ED73-E94E-46DA-B1AD-1DFA64AB8DCC}.Release|Any CPU.Build.0 = Release|Any CPU
	EndGlobalSection
	GlobalSection(SolutionProperties) = preSolution
		HideSolutionNode = FALSE
	EndGlobalSection
	GlobalSection(ExtensibilityGlobals) = postSolution
		SolutionGuid = {D245E4B3-11BB-4AA3-A761-9B8958554847}
	EndGlobalSection
EndGlobal
